
Microsoft Visual Studio Solution File, Format Version 12.00
# Visual Studio 15
VisualStudioVersion = 15.0.27130.2027
MinimumVisualStudioVersion = 10.0.40219.1
Project("{8BC9CEB8-8B4A-11D0-8D11-00A0C91BC942}") = "MP4Cutter", "MP4Cutter\MP4Cutter.vcxproj", "{BB1FC76F-2922-4553-B26D-41F4FE1AC45D}"
EndProject
Global
	GlobalSection(SolutionConfigurationPlatforms) = preSolution
		Debug|x64 = Debug|x64
		Debug|x86 = Debug|x86
		Release|x64 = Release|x64
		Release|x86 = Release|x86
	EndGlobalSection
	GlobalSection(ProjectConfigurationPlatforms) = postSolution
		{BB1FC76F-2922-4553-B26D-41F4FE1AC45D}.Debug|x64.ActiveCfg = Debug|x64
		{BB1FC76F-2922-4553-B26D-41F4FE1AC45D}.Debug|x64.Build.0 = Debug|x64
		{BB1FC76F-2922-4553-B26D-41F4FE1AC45D}.Debug|x86.ActiveCfg = Debug|Win32
		{BB1FC76F-2922-4553-B26D-41F4FE1AC45D}.Debug|x86.Build.0 = Debug|Win32
		{BB1FC76F-2922-4553-B26D-41F4FE1AC45D}.Release|x64.ActiveCfg = Release|x64
		{BB1FC76F-2922-4553-B26D-41F4FE1AC45D}.Release|x64.Build.0 = Release|x64
		{BB1FC76F-2922-4553-B26D-41F4FE1AC45D}.Release|x86.ActiveCfg = Release|Win32
		{BB1FC76F-2922-4553-B26D-41F4FE1AC45D}.Release|x86.Build.0 = Release|Win32
	EndGlobalSection
	GlobalSection(SolutionProperties) = preSolution
		HideSolutionNode = FALSE
	EndGlobalSection
	GlobalSection(ExtensibilityGlobals) = postSolution
		SolutionGuid = {D9FF2BC0-C7DD-4934-975E-51FC2D3D20C0}
	EndGlobalSection
EndGlobal
